
Microsoft Visual Studio Solution File, Format Version 12.00
# Visual Studio 2012
Project("{FAE04EC0-301F-11D3-BF4B-00C04F79EFBC}") = "DoubleFish.Model", "DoubleFish.Model\DoubleFish.Model.csproj", "{C2CD02EB-4DCE-4806-9B2B-84E6BC810923}"
EndProject
Project("{FAE04EC0-301F-11D3-BF4B-00C04F79EFBC}") = "DoubleFish", "DoubleFish\DoubleFish.csproj", "{F4F7E4C8-DA83-4938-9EC7-78B09EEC0484}"
EndProject
Project("{FAE04EC0-301F-11D3-BF4B-00C04F79EFBC}") = "DoubleFish.Http", "DoubleFish.Http\DoubleFish.Http.csproj", "{62EB6C47-CDA5-4578-940E-9943F60A2894}"
EndProject
Project("{FAE04EC0-301F-11D3-BF4B-00C04F79EFBC}") = "DoubleFish.Database", "DoubleFish.Database\DoubleFish.Database.csproj", "{6666A9B3-3011-4463-8DF0-962F66ED2E08}"
EndProject
Project("{FAE04EC0-301F-11D3-BF4B-00C04F79EFBC}") = "DoubleFish.File", "DoubleFish.File\DoubleFish.File.csproj", "{11A7E16D-A0F5-47C8-B978-48FADA721AEE}"
EndProject
Global
	GlobalSection(SolutionConfigurationPlatforms) = preSolution
		Debug|Any CPU = Debug|Any CPU
		Release|Any CPU = Release|Any CPU
	EndGlobalSection
	GlobalSection(ProjectConfigurationPlatforms) = postSolution
		{C2CD02EB-4DCE-4806-9B2B-84E6BC810923}.Debug|Any CPU.ActiveCfg = Debug|Any CPU
		{C2CD02EB-4DCE-4806-9B2B-84E6BC810923}.Debug|Any CPU.Build.0 = Debug|Any CPU
		{C2CD02EB-4DCE-4806-9B2B-84E6BC810923}.Release|Any CPU.ActiveCfg = Release|Any CPU
		{C2CD02EB-4DCE-4806-9B2B-84E6BC810923}.Release|Any CPU.Build.0 = Release|Any CPU
		{F4F7E4C8-DA83-4938-9EC7-78B09EEC0484}.Debug|Any CPU.ActiveCfg = Debug|Any CPU
		{F4F7E4C8-DA83-4938-9EC7-78B09EEC0484}.Debug|Any CPU.Build.0 = Debug|Any CPU
		{F4F7E4C8-DA83-4938-9EC7-78B09EEC0484}.Release|Any CPU.ActiveCfg = Release|Any CPU
		{F4F7E4C8-DA83-4938-9EC7-78B09EEC0484}.Release|Any CPU.Build.0 = Release|Any CPU
		{62EB6C47-CDA5-4578-940E-9943F60A2894}.Debug|Any CPU.ActiveCfg = Debug|Any CPU
		{62EB6C47-CDA5-4578-940E-9943F60A2894}.Debug|Any CPU.Build.0 = Debug|Any CPU
		{62EB6C47-CDA5-4578-940E-9943F60A2894}.Release|Any CPU.ActiveCfg = Release|Any CPU
		{62EB6C47-CDA5-4578-940E-9943F60A2894}.Release|Any CPU.Build.0 = Release|Any CPU
		{6666A9B3-3011-4463-8DF0-962F66ED2E08}.Debug|Any CPU.ActiveCfg = Debug|Any CPU
		{6666A9B3-3011-4463-8DF0-962F66ED2E08}.Debug|Any CPU.Build.0 = Debug|Any CPU
		{6666A9B3-3011-4463-8DF0-962F66ED2E08}.Release|Any CPU.ActiveCfg = Release|Any CPU
		{6666A9B3-3011-4463-8DF0-962F66ED2E08}.Release|Any CPU.Build.0 = Release|Any CPU
		{11A7E16D-A0F5-47C8-B978-48FADA721AEE}.Debug|Any CPU.ActiveCfg = Debug|Any CPU
		{11A7E16D-A0F5-47C8-B978-48FADA721AEE}.Debug|Any CPU.Build.0 = Debug|Any CPU
		{11A7E16D-A0F5-47C8-B978-48FADA721AEE}.Release|Any CPU.ActiveCfg = Release|Any CPU
		{11A7E16D-A0F5-47C8-B978-48FADA721AEE}.Release|Any CPU.Build.0 = Release|Any CPU
	EndGlobalSection
	GlobalSection(SolutionProperties) = preSolution
		HideSolutionNode = FALSE
	EndGlobalSection
EndGlobal
